
Microsoft Visual Studio Solution File, Format Version 12.00
# Visual Studio 15
Project("{FAE04EC0-301F-11D3-BF4B-00C04F79EFBC}") = "Phoneword.Android", "Phoneword.Android\Phoneword.Android.csproj", "{ECC1A0C3-BF92-4DB4-9CD0-A3D20B4A0F8F}"
EndProject
Project("{FAE04EC0-301F-11D3-BF4B-00C04F79EFBC}") = "Phoneword.iOS", "Phoneword.iOS\Phoneword.iOS.csproj", "{5238374F-A3F9-4DD0-BB65-76A4AF4ACDE7}"
EndProject
Project("{FAE04EC0-301F-11D3-BF4B-00C04F79EFBC}") = "Phoneword", "Phoneword\Phoneword.csproj", "{B0F019E4-E4CE-4DC4-8975-B060A96CDED5}"
EndProject
Global
	GlobalSection(SolutionConfigurationPlatforms) = preSolution
		Debug|Any CPU = Debug|Any CPU
		Release|Any CPU = Release|Any CPU
		Debug|iPhoneSimulator = Debug|iPhoneSimulator
		Release|iPhoneSimulator = Release|iPhoneSimulator
		Debug|iPhone = Debug|iPhone
		Release|iPhone = Release|iPhone
		Ad-Hoc|iPhone = Ad-Hoc|iPhone
		AppStore|iPhone = AppStore|iPhone
	EndGlobalSection
	GlobalSection(ProjectConfigurationPlatforms) = postSolution
		{ECC1A0C3-BF92-4DB4-9CD0-A3D20B4A0F8F}.Debug|Any CPU.ActiveCfg = Debug|Any CPU
		{ECC1A0C3-BF92-4DB4-9CD0-A3D20B4A0F8F}.Debug|Any CPU.Build.0 = Debug|Any CPU
		{ECC1A0C3-BF92-4DB4-9CD0-A3D20B4A0F8F}.Release|Any CPU.ActiveCfg = Release|Any CPU
		{ECC1A0C3-BF92-4DB4-9CD0-A3D20B4A0F8F}.Release|Any CPU.Build.0 = Release|Any CPU
		{ECC1A0C3-BF92-4DB4-9CD0-A3D20B4A0F8F}.Debug|iPhoneSimulator.ActiveCfg = Debug|Any CPU
		{ECC1A0C3-BF92-4DB4-9CD0-A3D20B4A0F8F}.Debug|iPhoneSimulator.Build.0 = Debug|Any CPU
		{ECC1A0C3-BF92-4DB4-9CD0-A3D20B4A0F8F}.Release|iPhoneSimulator.ActiveCfg = Release|Any CPU
		{ECC1A0C3-BF92-4DB4-9CD0-A3D20B4A0F8F}.Release|iPhoneSimulator.Build.0 = Release|Any CPU
		{ECC1A0C3-BF92-4DB4-9CD0-A3D20B4A0F8F}.Debug|iPhone.ActiveCfg = Debug|Any CPU
		{ECC1A0C3-BF92-4DB4-9CD0-A3D20B4A0F8F}.Debug|iPhone.Build.0 = Debug|Any CPU
		{ECC1A0C3-BF92-4DB4-9CD0-A3D20B4A0F8F}.Release|iPhone.ActiveCfg = Release|Any CPU
		{ECC1A0C3-BF92-4DB4-9CD0-A3D20B4A0F8F}.Release|iPhone.Build.0 = Release|Any CPU
		{ECC1A0C3-BF92-4DB4-9CD0-A3D20B4A0F8F}.Ad-Hoc|iPhone.ActiveCfg = Debug|Any CPU
		{ECC1A0C3-BF92-4DB4-9CD0-A3D20B4A0F8F}.Ad-Hoc|iPhone.Build.0 = Debug|Any CPU
		{ECC1A0C3-BF92-4DB4-9CD0-A3D20B4A0F8F}.AppStore|iPhone.ActiveCfg = Debug|Any CPU
		{ECC1A0C3-BF92-4DB4-9CD0-A3D20B4A0F8F}.AppStore|iPhone.Build.0 = Debug|Any CPU
		{5238374F-A3F9-4DD0-BB65-76A4AF4ACDE7}.Debug|Any CPU.ActiveCfg = Debug|iPhoneSimulator
		{5238374F-A3F9-4DD0-BB65-76A4AF4ACDE7}.Debug|Any CPU.Build.0 = Debug|iPhoneSimulator
		{5238374F-A3F9-4DD0-BB65-76A4AF4ACDE7}.Release|Any CPU.ActiveCfg = Release|iPhoneSimulator
		{5238374F-A3F9-4DD0-BB65-76A4AF4ACDE7}.Release|Any CPU.Build.0 = Release|iPhoneSimulator
		{5238374F-A3F9-4DD0-BB65-76A4AF4ACDE7}.Debug|iPhoneSimulator.ActiveCfg = Debug|iPhoneSimulator
		{5238374F-A3F9-4DD0-BB65-76A4AF4ACDE7}.Debug|iPhoneSimulator.Build.0 = Debug|iPhoneSimulator
		{5238374F-A3F9-4DD0-BB65-76A4AF4ACDE7}.Release|iPhoneSimulator.ActiveCfg = Release|iPhoneSimulator
		{5238374F-A3F9-4DD0-BB65-76A4AF4ACDE7}.Release|iPhoneSimulator.Build.0 = Release|iPhoneSimulator
		{5238374F-A3F9-4DD0-BB65-76A4AF4ACDE7}.Debug|iPhone.ActiveCfg = Debug|iPhone
		{5238374F-A3F9-4DD0-BB65-76A4AF4ACDE7}.Debug|iPhone.Build.0 = Debug|iPhone
		{5238374F-A3F9-4DD0-BB65-76A4AF4ACDE7}.Release|iPhone.ActiveCfg = Release|iPhone
		{5238374F-A3F9-4DD0-BB65-76A4AF4ACDE7}.Release|iPhone.Build.0 = Release|iPhone
		{5238374F-A3F9-4DD0-BB65-76A4AF4ACDE7}.Ad-Hoc|iPhone.ActiveCfg = Ad-Hoc|iPhone
		{5238374F-A3F9-4DD0-BB65-76A4AF4ACDE7}.Ad-Hoc|iPhone.Build.0 = Ad-Hoc|iPhone
		{5238374F-A3F9-4DD0-BB65-76A4AF4ACDE7}.AppStore|iPhone.ActiveCfg = AppStore|iPhone
		{5238374F-A3F9-4DD0-BB65-76A4AF4ACDE7}.AppStore|iPhone.Build.0 = AppStore|iPhone
		{B0F019E4-E4CE-4DC4-8975-B060A96CDED5}.Debug|Any CPU.ActiveCfg = Debug|Any CPU
		{B0F019E4-E4CE-4DC4-8975-B060A96CDED5}.Debug|Any CPU.Build.0 = Debug|Any CPU
		{B0F019E4-E4CE-4DC4-8975-B060A96CDED5}.Release|Any CPU.ActiveCfg = Release|Any CPU
		{B0F019E4-E4CE-4DC4-8975-B060A96CDED5}.Release|Any CPU.Build.0 = Release|Any CPU
		{B0F019E4-E4CE-4DC4-8975-B060A96CDED5}.Debug|iPhoneSimulator.ActiveCfg = Debug|Any CPU
		{B0F019E4-E4CE-4DC4-8975-B060A96CDED5}.Debug|iPhoneSimulator.Build.0 = Debug|Any CPU
		{B0F019E4-E4CE-4DC4-8975-B060A96CDED5}.Release|iPhoneSimulator.ActiveCfg = Release|Any CPU
		{B0F019E4-E4CE-4DC4-8975-B060A96CDED5}.Release|iPhoneSimulator.Build.0 = Release|Any CPU
		{B0F019E4-E4CE-4DC4-8975-B060A96CDED5}.Debug|iPhone.ActiveCfg = Debug|Any CPU
		{B0F019E4-E4CE-4DC4-8975-B060A96CDED5}.Debug|iPhone.Build.0 = Debug|Any CPU
		{B0F019E4-E4CE-4DC4-8975-B060A96CDED5}.Release|iPhone.ActiveCfg = Release|Any CPU
		{B0F019E4-E4CE-4DC4-8975-B060A96CDED5}.Release|iPhone.Build.0 = Release|Any CPU
		{B0F019E4-E4CE-4DC4-8975-B060A96CDED5}.Ad-Hoc|iPhone.ActiveCfg = Debug|Any CPU
		{B0F019E4-E4CE-4DC4-8975-B060A96CDED5}.Ad-Hoc|iPhone.Build.0 = Debug|Any CPU
		{B0F019E4-E4CE-4DC4-8975-B060A96CDED5}.AppStore|iPhone.ActiveCfg = Debug|Any CPU
		{B0F019E4-E4CE-4DC4-8975-B060A96CDED5}.AppStore|iPhone.Build.0 = Debug|Any CPU
	EndGlobalSection
EndGlobal
